
Microsoft Visual Studio Solution File, Format Version 12.00
# Visual Studio Version 16
VisualStudioVersion = 16.0.37206.5
MinimumVisualStudioVersion = 10.0.40219.1
Project("{FAE04EC0-301F-11D3-BF4B-00C04F79EFBC}") = "QuanLyTinTuc", "QuanLyTinTuc\QuanLyTinTuc.csproj", "{40123839-89EC-4D49-8B87-C3CEA5E8ACF2}"
EndProject
Global
	GlobalSection(SolutionConfigurationPlatforms) = preSolution
		Debug|Any CPU = Debug|Any CPU
		Release|Any CPU = Release|Any CPU
	EndGlobalSection
	GlobalSection(ProjectConfigurationPlatforms) = postSolution
		{40123839-89EC-4D49-8B87-C3CEA5E8ACF2}.Debug|Any CPU.ActiveCfg = Debug|Any CPU
		{40123839-89EC-4D49-8B87-C3CEA5E8ACF2}.Debug|Any CPU.Build.0 = Debug|Any CPU
		{40123839-89EC-4D49-8B87-C3CEA5E8ACF2}.Release|Any CPU.ActiveCfg = Release|Any CPU
		{40123839-89EC-4D49-8B87-C3CEA5E8ACF2}.Release|Any CPU.Build.0 = Release|Any CPU
	EndGlobalSection
	GlobalSection(SolutionProperties) = preSolution
		HideSolutionNode = FALSE
	EndGlobalSection
	GlobalSection(ExtensibilityGlobals) = postSolution
		SolutionGuid = {469CF358-7522-4227-BECA-3AF30AFE9240}
	EndGlobalSection
EndGlobal
